
Microsoft Visual Studio Solution File, Format Version 12.00
# Visual Studio 14
VisualStudioVersion = 14.0.25420.1
MinimumVisualStudioVersion = 10.0.40219.1
Project("{FAE04EC0-301F-11D3-BF4B-00C04F79EFBC}") = "HSA_App", "HSA_App\HSA_App\HSA_App.csproj", "{3754BF8C-96DA-42D6-960D-604091664805}"
EndProject
Project("{FAE04EC0-301F-11D3-BF4B-00C04F79EFBC}") = "HSA_App.Droid", "HSA_App\HSA_App.Droid\HSA_App.Droid.csproj", "{DDAD24FB-1A7A-4094-9BC8-AD34CCDFC24D}"
EndProject
Project("{FAE04EC0-301F-11D3-BF4B-00C04F79EFBC}") = "HSA_App.iOS", "HSA_App\HSA_App.iOS\HSA_App.iOS.csproj", "{AA80E41C-2153-41EF-8C18-35BCBF7C9442}"
EndProject
Project("{FAE04EC0-301F-11D3-BF4B-00C04F79EFBC}") = "HSA_App.WinPhone", "HSA_App\HSA_App.WinPhone\HSA_App.WinPhone.csproj", "{D3B549F8-7832-4928-9B02-457B96F04BDE}"
EndProject
Project("{FAE04EC0-301F-11D3-BF4B-00C04F79EFBC}") = "HSA_App.Windows", "HSA_App\HSA_App.Windows\HSA_App.Windows.csproj", "{DF1E5993-5E68-46C0-A0AB-8763E99B4299}"
EndProject
Global
	GlobalSection(SolutionConfigurationPlatforms) = preSolution
		Ad-Hoc|Any CPU = Ad-Hoc|Any CPU
		Ad-Hoc|ARM = Ad-Hoc|ARM
		Ad-Hoc|iPhone = Ad-Hoc|iPhone
		Ad-Hoc|iPhoneSimulator = Ad-Hoc|iPhoneSimulator
		Ad-Hoc|x64 = Ad-Hoc|x64
		Ad-Hoc|x86 = Ad-Hoc|x86
		AppStore|Any CPU = AppStore|Any CPU
		AppStore|ARM = AppStore|ARM
		AppStore|iPhone = AppStore|iPhone
		AppStore|iPhoneSimulator = AppStore|iPhoneSimulator
		AppStore|x64 = AppStore|x64
		AppStore|x86 = AppStore|x86
		Debug|Any CPU = Debug|Any CPU
		Debug|ARM = Debug|ARM
		Debug|iPhone = Debug|iPhone
		Debug|iPhoneSimulator = Debug|iPhoneSimulator
		Debug|x64 = Debug|x64
		Debug|x86 = Debug|x86
		Release|Any CPU = Release|Any CPU
		Release|ARM = Release|ARM
		Release|iPhone = Release|iPhone
		Release|iPhoneSimulator = Release|iPhoneSimulator
		Release|x64 = Release|x64
		Release|x86 = Release|x86
	EndGlobalSection
	GlobalSection(ProjectConfigurationPlatforms) = postSolution
		{3754BF8C-96DA-42D6-960D-604091664805}.Ad-Hoc|Any CPU.ActiveCfg = Release|Any CPU
		{3754BF8C-96DA-42D6-960D-604091664805}.Ad-Hoc|Any CPU.Build.0 = Release|Any CPU
		{3754BF8C-96DA-42D6-960D-604091664805}.Ad-Hoc|ARM.ActiveCfg = Release|Any CPU
		{3754BF8C-96DA-42D6-960D-604091664805}.Ad-Hoc|ARM.Build.0 = Release|Any CPU
		{3754BF8C-96DA-42D6-960D-604091664805}.Ad-Hoc|iPhone.ActiveCfg = Release|Any CPU
		{3754BF8C-96DA-42D6-960D-604091664805}.Ad-Hoc|iPhone.Build.0 = Release|Any CPU
		{3754BF8C-96DA-42D6-960D-604091664805}.Ad-Hoc|iPhoneSimulator.ActiveCfg = Release|Any CPU
		{3754BF8C-96DA-42D6-960D-604091664805}.Ad-Hoc|iPhoneSimulator.Build.0 = Release|Any CPU
		{3754BF8C-96DA-42D6-960D-604091664805}.Ad-Hoc|x64.ActiveCfg = Release|Any CPU
		{3754BF8C-96DA-42D6-960D-604091664805}.Ad-Hoc|x64.Build.0 = Release|Any CPU
		{3754BF8C-96DA-42D6-960D-604091664805}.Ad-Hoc|x86.ActiveCfg = Release|Any CPU
		{3754BF8C-96DA-42D6-960D-604091664805}.Ad-Hoc|x86.Build.0 = Release|Any CPU
		{3754BF8C-96DA-42D6-960D-604091664805}.AppStore|Any CPU.ActiveCfg = Release|Any CPU
		{3754BF8C-96DA-42D6-960D-604091664805}.AppStore|Any CPU.Build.0 = Release|Any CPU
		{3754BF8C-96DA-42D6-960D-604091664805}.AppStore|ARM.ActiveCfg = Release|Any CPU
		{3754BF8C-96DA-42D6-960D-604091664805}.AppStore|ARM.Build.0 = Release|Any CPU
		{3754BF8C-96DA-42D6-960D-604091664805}.AppStore|iPhone.ActiveCfg = Release|Any CPU
		{3754BF8C-96DA-42D6-960D-604091664805}.AppStore|iPhone.Build.0 = Release|Any CPU
		{3754BF8C-96DA-42D6-960D-604091664805}.AppStore|iPhoneSimulator.ActiveCfg = Release|Any CPU
		{3754BF8C-96DA-42D6-960D-604091664805}.AppStore|iPhoneSimulator.Build.0 = Release|Any CPU
		{3754BF8C-96DA-42D6-960D-604091664805}.AppStore|x64.ActiveCfg = Release|Any CPU
		{3754BF8C-96DA-42D6-960D-604091664805}.AppStore|x64.Build.0 = Release|Any CPU
		{3754BF8C-96DA-42D6-960D-604091664805}.AppStore|x86.ActiveCfg = Release|Any CPU
		{3754BF8C-96DA-42D6-960D-604091664805}.AppStore|x86.Build.0 = Release|Any CPU
		{3754BF8C-96DA-42D6-960D-604091664805}.Debug|Any CPU.ActiveCfg = Debug|Any CPU
		{3754BF8C-96DA-42D6-960D-604091664805}.Debug|Any CPU.Build.0 = Debug|Any CPU
		{3754BF8C-96DA-42D6-960D-604091664805}.Debug|ARM.ActiveCfg = Debug|Any CPU
		{3754BF8C-96DA-42D6-960D-604091664805}.Debug|ARM.Build.0 = Debug|Any CPU
		{3754BF8C-96DA-42D6-960D-604091664805}.Debug|iPhone.ActiveCfg = Debug|Any CPU
		{3754BF8C-96DA-42D6-960D-604091664805}.Debug|iPhone.Build.0 = Debug|Any CPU
		{3754BF8C-96DA-42D6-960D-604091664805}.Debug|iPhoneSimulator.ActiveCfg = Debug|Any CPU
		{3754BF8C-96DA-42D6-960D-604091664805}.Debug|iPhoneSimulator.Build.0 = Debug|Any CPU
		{3754BF8C-96DA-42D6-960D-604091664805}.Debug|x64.ActiveCfg = Debug|Any CPU
		{3754BF8C-96DA-42D6-960D-604091664805}.Debug|x64.Build.0 = Debug|Any CPU
		{3754BF8C-96DA-42D6-960D-604091664805}.Debug|x86.ActiveCfg = Debug|Any CPU
		{3754BF8C-96DA-42D6-960D-604091664805}.Debug|x86.Build.0 = Debug|Any CPU
		{3754BF8C-96DA-42D6-960D-604091664805}.Release|Any CPU.ActiveCfg = Release|Any CPU
		{3754BF8C-96DA-42D6-960D-604091664805}.Release|Any CPU.Build.0 = Release|Any CPU
		{3754BF8C-96DA-42D6-960D-604091664805}.Release|ARM.ActiveCfg = Release|Any CPU
		{3754BF8C-96DA-42D6-960D-604091664805}.Release|ARM.Build.0 = Release|Any CPU
		{3754BF8C-96DA-42D6-960D-604091664805}.Release|iPhone.ActiveCfg = Release|Any CPU
		{3754BF8C-96DA-42D6-960D-604091664805}.Release|iPhone.Build.0 = Release|Any CPU
		{3754BF8C-96DA-42D6-960D-604091664805}.Release|iPhoneSimulator.ActiveCfg = Release|Any CPU
		{3754BF8C-96DA-42D6-960D-604091664805}.Release|iPhoneSimulator.Build.0 = Release|Any CPU
		{3754BF8C-96DA-42D6-960D-604091664805}.Release|x64.ActiveCfg = Release|Any CPU
		{3754BF8C-96DA-42D6-960D-604091664805}.Release|x64.Build.0 = Release|Any CPU
		{3754BF8C-96DA-42D6-960D-604091664805}.Release|x86.ActiveCfg = Release|Any CPU
		{3754BF8C-96DA-42D6-960D-604091664805}.Release|x86.Build.0 = Release|Any CPU
		{DDAD24FB-1A7A-4094-9BC8-AD34CCDFC24D}.Ad-Hoc|Any CPU.ActiveCfg = Release|Any CPU
		{DDAD24FB-1A7A-4094-9BC8-AD34CCDFC24D}.Ad-Hoc|Any CPU.Build.0 = Release|Any CPU
		{DDAD24FB-1A7A-4094-9BC8-AD34CCDFC24D}.Ad-Hoc|Any CPU.Deploy.0 = Release|Any CPU
		{DDAD24FB-1A7A-4094-9BC8-AD34CCDFC24D}.Ad-Hoc|ARM.ActiveCfg = Release|Any CPU
		{DDAD24FB-1A7A-4094-9BC8-AD34CCDFC24D}.Ad-Hoc|ARM.Build.0 = Release|Any CPU
		{DDAD24FB-1A7A-4094-9BC8-AD34CCDFC24D}.Ad-Hoc|ARM.Deploy.0 = Release|Any CPU
		{DDAD24FB-1A7A-4094-9BC8-AD34CCDFC24D}.Ad-Hoc|iPhone.ActiveCfg = Release|Any CPU
		{DDAD24FB-1A7A-4094-9BC8-AD34CCDFC24D}.Ad-Hoc|iPhone.Build.0 = Release|Any CPU
		{DDAD24FB-1A7A-4094-9BC8-AD34CCDFC24D}.Ad-Hoc|iPhone.Deploy.0 = Release|Any CPU
		{DDAD24FB-1A7A-4094-9BC8-AD34CCDFC24D}.Ad-Hoc|iPhoneSimulator.ActiveCfg = Release|Any CPU
		{DDAD24FB-1A7A-4094-9BC8-AD34CCDFC24D}.Ad-Hoc|iPhoneSimulator.Build.0 = Release|Any CPU
		{DDAD24FB-1A7A-4094-9BC8-AD34CCDFC24D}.Ad-Hoc|iPhoneSimulator.Deploy.0 = Release|Any CPU
		{DDAD24FB-1A7A-4094-9BC8-AD34CCDFC24D}.Ad-Hoc|x64.ActiveCfg = Release|Any CPU
		{DDAD24FB-1A7A-4094-9BC8-AD34CCDFC24D}.Ad-Hoc|x64.Build.0 = Release|Any CPU
		{DDAD24FB-1A7A-4094-9BC8-AD34CCDFC24D}.Ad-Hoc|x64.Deploy.0 = Release|Any CPU
		{DDAD24FB-1A7A-4094-9BC8-AD34CCDFC24D}.Ad-Hoc|x86.ActiveCfg = Release|Any CPU
		{DDAD24FB-1A7A-4094-9BC8-AD34CCDFC24D}.Ad-Hoc|x86.Build.0 = Release|Any CPU
		{DDAD24FB-1A7A-4094-9BC8-AD34CCDFC24D}.Ad-Hoc|x86.Deploy.0 = Release|Any CPU
		{DDAD24FB-1A7A-4094-9BC8-AD34CCDFC24D}.AppStore|Any CPU.ActiveCfg = Release|Any CPU
		{DDAD24FB-1A7A-4094-9BC8-AD34CCDFC24D}.AppStore|Any CPU.Build.0 = Release|Any CPU
		{DDAD24FB-1A7A-4094-9BC8-AD34CCDFC24D}.AppStore|Any CPU.Deploy.0 = Release|Any CPU
		{DDAD24FB-1A7A-4094-9BC8-AD34CCDFC24D}.AppStore|ARM.ActiveCfg = Release|Any CPU
		{DDAD24FB-1A7A-4094-9BC8-AD34CCDFC24D}.AppStore|ARM.Build.0 = Release|Any CPU
		{DDAD24FB-1A7A-4094-9BC8-AD34CCDFC24D}.AppStore|ARM.Deploy.0 = Release|Any CPU
		{DDAD24FB-1A7A-4094-9BC8-AD34CCDFC24D}.AppStore|iPhone.ActiveCfg = Release|Any CPU
		{DDAD24FB-1A7A-4094-9BC8-AD34CCDFC24D}.AppStore|iPhone.Build.0 = Release|Any CPU
		{DDAD24FB-1A7A-4094-9BC8-AD34CCDFC24D}.AppStore|iPhone.Deploy.0 = Release|Any CPU
		{DDAD24FB-1A7A-4094-9BC8-AD34CCDFC24D}.AppStore|iPhoneSimulator.ActiveCfg = Release|Any CPU
		{DDAD24FB-1A7A-4094-9BC8-AD34CCDFC24D}.AppStore|iPhoneSimulator.Build.0 = Release|Any CPU
		{DDAD24FB-1A7A-4094-9BC8-AD34CCDFC24D}.AppStore|iPhoneSimulator.Deploy.0 = Release|Any CPU
		{DDAD24FB-1A7A-4094-9BC8-AD34CCDFC24D}.AppStore|x64.ActiveCfg = Release|Any CPU
		{DDAD24FB-1A7A-4094-9BC8-AD34CCDFC24D}.AppStore|x64.Build.0 = Release|Any CPU
		{DDAD24FB-1A7A-4094-9BC8-AD34CCDFC24D}.AppStore|x64.Deploy.0 = Release|Any CPU
		{DDAD24FB-1A7A-4094-9BC8-AD34CCDFC24D}.AppStore|x86.ActiveCfg = Release|Any CPU
		{DDAD24FB-1A7A-4094-9BC8-AD34CCDFC24D}.AppStore|x86.Build.0 = Release|Any CPU
		{DDAD24FB-1A7A-4094-9BC8-AD34CCDFC24D}.AppStore|x86.Deploy.0 = Release|Any CPU
		{DDAD24FB-1A7A-4094-9BC8-AD34CCDFC24D}.Debug|Any CPU.ActiveCfg = Debug|Any CPU
		{DDAD24FB-1A7A-4094-9BC8-AD34CCDFC24D}.Debug|Any CPU.Build.0 = Debug|Any CPU
		{DDAD24FB-1A7A-4094-9BC8-AD34CCDFC24D}.Debug|Any CPU.Deploy.0 = Debug|Any CPU
		{DDAD24FB-1A7A-4094-9BC8-AD34CCDFC24D}.Debug|ARM.ActiveCfg = Debug|Any CPU
		{DDAD24FB-1A7A-4094-9BC8-AD34CCDFC24D}.Debug|ARM.Build.0 = Debug|Any CPU
		{DDAD24FB-1A7A-4094-9BC8-AD34CCDFC24D}.Debug|ARM.Deploy.0 = Debug|Any CPU
		{DDAD24FB-1A7A-4094-9BC8-AD34CCDFC24D}.Debug|iPhone.ActiveCfg = Debug|Any CPU
		{DDAD24FB-1A7A-4094-9BC8-AD34CCDFC24D}.Debug|iPhone.Build.0 = Debug|Any CPU
		{DDAD24FB-1A7A-4094-9BC8-AD34CCDFC24D}.Debug|iPhone.Deploy.0 = Debug|Any CPU
		{DDAD24FB-1A7A-4094-9BC8-AD34CCDFC24D}.Debug|iPhoneSimulator.ActiveCfg = Debug|Any CPU
		{DDAD24FB-1A7A-4094-9BC8-AD34CCDFC24D}.Debug|iPhoneSimulator.Build.0 = Debug|Any CPU
		{DDAD24FB-1A7A-4094-9BC8-AD34CCDFC24D}.Debug|iPhoneSimulator.Deploy.0 = Debug|Any CPU
		{DDAD24FB-1A7A-4094-9BC8-AD34CCDFC24D}.Debug|x64.ActiveCfg = Debug|Any CPU
		{DDAD24FB-1A7A-4094-9BC8-AD34CCDFC24D}.Debug|x64.Build.0 = Debug|Any CPU
		{DDAD24FB-1A7A-4094-9BC8-AD34CCDFC24D}.Debug|x64.Deploy.0 = Debug|Any CPU
		{DDAD24FB-1A7A-4094-9BC8-AD34CCDFC24D}.Debug|x86.ActiveCfg = Debug|Any CPU
		{DDAD24FB-1A7A-4094-9BC8-AD34CCDFC24D}.Debug|x86.Build.0 = Debug|Any CPU
		{DDAD24FB-1A7A-4094-9BC8-AD34CCDFC24D}.Debug|x86.Deploy.0 = Debug|Any CPU
		{DDAD24FB-1A7A-4094-9BC8-AD34CCDFC24D}.Release|Any CPU.ActiveCfg = Release|Any CPU
		{DDAD24FB-1A7A-4094-9BC8-AD34CCDFC24D}.Release|Any CPU.Build.0 = Release|Any CPU
		{DDAD24FB-1A7A-4094-9BC8-AD34CCDFC24D}.Release|Any CPU.Deploy.0 = Release|Any CPU
		{DDAD24FB-1A7A-4094-9BC8-AD34CCDFC24D}.Release|ARM.ActiveCfg = Release|Any CPU
		{DDAD24FB-1A7A-4094-9BC8-AD34CCDFC24D}.Release|ARM.Build.0 = Release|Any CPU
		{DDAD24FB-1A7A-4094-9BC8-AD34CCDFC24D}.Release|ARM.Deploy.0 = Release|Any CPU
		{DDAD24FB-1A7A-4094-9BC8-AD34CCDFC24D}.Release|iPhone.ActiveCfg = Release|Any CPU
		{DDAD24FB-1A7A-4094-9BC8-AD34CCDFC24D}.Release|iPhone.Build.0 = Release|Any CPU
		{DDAD24FB-1A7A-4094-9BC8-AD34CCDFC24D}.Release|iPhone.Deploy.0 = Release|Any CPU
		{DDAD24FB-1A7A-4094-9BC8-AD34CCDFC24D}.Release|iPhoneSimulator.ActiveCfg = Release|Any CPU
		{DDAD24FB-1A7A-4094-9BC8-AD34CCDFC24D}.Release|iPhoneSimulator.Build.0 = Release|Any CPU
		{DDAD24FB-1A7A-4094-9BC8-AD34CCDFC24D}.Release|iPhoneSimulator.Deploy.0 = Release|Any CPU
		{DDAD24FB-1A7A-4094-9BC8-AD34CCDFC24D}.Release|x64.ActiveCfg = Release|Any CPU
		{DDAD24FB-1A7A-4094-9BC8-AD34CCDFC24D}.Release|x64.Build.0 = Release|Any CPU
		{DDAD24FB-1A7A-4094-9BC8-AD34CCDFC24D}.Release|x64.Deploy.0 = Release|Any CPU
		{DDAD24FB-1A7A-4094-9BC8-AD34CCDFC24D}.Release|x86.ActiveCfg = Release|Any CPU
		{DDAD24FB-1A7A-4094-9BC8-AD34CCDFC24D}.Release|x86.Build.0 = Release|Any CPU
		{DDAD24FB-1A7A-4094-9BC8-AD34CCDFC24D}.Release|x86.Deploy.0 = Release|Any CPU
		{AA80E41C-2153-41EF-8C18-35BCBF7C9442}.Ad-Hoc|Any CPU.ActiveCfg = Ad-Hoc|iPhone
		{AA80E41C-2153-41EF-8C18-35BCBF7C9442}.Ad-Hoc|ARM.ActiveCfg = Ad-Hoc|iPhone
		{AA80E41C-2153-41EF-8C18-35BCBF7C9442}.Ad-Hoc|iPhone.ActiveCfg = Ad-Hoc|iPhone
		{AA80E41C-2153-41EF-8C18-35BCBF7C9442}.Ad-Hoc|iPhone.Build.0 = Ad-Hoc|iPhone
		{AA80E41C-2153-41EF-8C18-35BCBF7C9442}.Ad-Hoc|iPhoneSimulator.ActiveCfg = Ad-Hoc|iPhoneSimulator
		{AA80E41C-2153-41EF-8C18-35BCBF7C9442}.Ad-Hoc|iPhoneSimulator.Build.0 = Ad-Hoc|iPhoneSimulator
		{AA80E41C-2153-41EF-8C18-35BCBF7C9442}.Ad-Hoc|x64.ActiveCfg = Ad-Hoc|iPhone
		{AA80E41C-2153-41EF-8C18-35BCBF7C9442}.Ad-Hoc|x86.ActiveCfg = Ad-Hoc|iPhone
		{AA80E41C-2153-41EF-8C18-35BCBF7C9442}.AppStore|Any CPU.ActiveCfg = AppStore|iPhone
		{AA80E41C-2153-41EF-8C18-35BCBF7C9442}.AppStore|ARM.ActiveCfg = AppStore|iPhone
		{AA80E41C-2153-41EF-8C18-35BCBF7C9442}.AppStore|iPhone.ActiveCfg = AppStore|iPhone
		{AA80E41C-2153-41EF-8C18-35BCBF7C9442}.AppStore|iPhone.Build.0 = AppStore|iPhone
		{AA80E41C-2153-41EF-8C18-35BCBF7C9442}.AppStore|iPhoneSimulator.ActiveCfg = AppStore|iPhoneSimulator
		{AA80E41C-2153-41EF-8C18-35BCBF7C9442}.AppStore|iPhoneSimulator.Build.0 = AppStore|iPhoneSimulator
		{AA80E41C-2153-41EF-8C18-35BCBF7C9442}.AppStore|x64.ActiveCfg = AppStore|iPhone
		{AA80E41C-2153-41EF-8C18-35BCBF7C9442}.AppStore|x86.ActiveCfg = AppStore|iPhone
		{AA80E41C-2153-41EF-8C18-35BCBF7C9442}.Debug|Any CPU.ActiveCfg = Debug|iPhone
		{AA80E41C-2153-41EF-8C18-35BCBF7C9442}.Debug|ARM.ActiveCfg = Debug|iPhone
		{AA80E41C-2153-41EF-8C18-35BCBF7C9442}.Debug|iPhone.ActiveCfg = Debug|iPhone
		{AA80E41C-2153-41EF-8C18-35BCBF7C9442}.Debug|iPhone.Build.0 = Debug|iPhone
		{AA80E41C-2153-41EF-8C18-35BCBF7C9442}.Debug|iPhone.Deploy.0 = Debug|iPhone
		{AA80E41C-2153-41EF-8C18-35BCBF7C9442}.Debug|iPhoneSimulator.ActiveCfg = Debug|iPhoneSimulator
		{AA80E41C-2153-41EF-8C18-35BCBF7C9442}.Debug|iPhoneSimulator.Build.0 = Debug|iPhoneSimulator
		{AA80E41C-2153-41EF-8C18-35BCBF7C9442}.Debug|x64.ActiveCfg = Debug|iPhone
		{AA80E41C-2153-41EF-8C18-35BCBF7C9442}.Debug|x86.ActiveCfg = Debug|iPhone
		{AA80E41C-2153-41EF-8C18-35BCBF7C9442}.Release|Any CPU.ActiveCfg = Release|iPhone
		{AA80E41C-2153-41EF-8C18-35BCBF7C9442}.Release|ARM.ActiveCfg = Release|iPhone
		{AA80E41C-2153-41EF-8C18-35BCBF7C9442}.Release|iPhone.ActiveCfg = Release|iPhone
		{AA80E41C-2153-41EF-8C18-35BCBF7C9442}.Release|iPhone.Build.0 = Release|iPhone
		{AA80E41C-2153-41EF-8C18-35BCBF7C9442}.Release|iPhoneSimulator.ActiveCfg = Release|iPhoneSimulator
		{AA80E41C-2153-41EF-8C18-35BCBF7C9442}.Release|iPhoneSimulator.Build.0 = Release|iPhoneSimulator
		{AA80E41C-2153-41EF-8C18-35BCBF7C9442}.Release|x64.ActiveCfg = Release|iPhone
		{AA80E41C-2153-41EF-8C18-35BCBF7C9442}.Release|x86.ActiveCfg = Release|iPhone
		{D3B549F8-7832-4928-9B02-457B96F04BDE}.Ad-Hoc|Any CPU.ActiveCfg = Release|Any CPU
		{D3B549F8-7832-4928-9B02-457B96F04BDE}.Ad-Hoc|Any CPU.Build.0 = Release|Any CPU
		{D3B549F8-7832-4928-9B02-457B96F04BDE}.Ad-Hoc|Any CPU.Deploy.0 = Release|Any CPU
		{D3B549F8-7832-4928-9B02-457B96F04BDE}.Ad-Hoc|ARM.ActiveCfg = Release|ARM
		{D3B549F8-7832-4928-9B02-457B96F04BDE}.Ad-Hoc|ARM.Build.0 = Release|ARM
		{D3B549F8-7832-4928-9B02-457B96F04BDE}.Ad-Hoc|ARM.Deploy.0 = Release|ARM
		{D3B549F8-7832-4928-9B02-457B96F04BDE}.Ad-Hoc|iPhone.ActiveCfg = Release|Any CPU
		{D3B549F8-7832-4928-9B02-457B96F04BDE}.Ad-Hoc|iPhone.Build.0 = Release|Any CPU
		{D3B549F8-7832-4928-9B02-457B96F04BDE}.Ad-Hoc|iPhone.Deploy.0 = Release|Any CPU
		{D3B549F8-7832-4928-9B02-457B96F04BDE}.Ad-Hoc|iPhoneSimulator.ActiveCfg = Release|Any CPU
		{D3B549F8-7832-4928-9B02-457B96F04BDE}.Ad-Hoc|iPhoneSimulator.Build.0 = Release|Any CPU
		{D3B549F8-7832-4928-9B02-457B96F04BDE}.Ad-Hoc|iPhoneSimulator.Deploy.0 = Release|Any CPU
		{D3B549F8-7832-4928-9B02-457B96F04BDE}.Ad-Hoc|x64.ActiveCfg = Release|Any CPU
		{D3B549F8-7832-4928-9B02-457B96F04BDE}.Ad-Hoc|x64.Build.0 = Release|Any CPU
		{D3B549F8-7832-4928-9B02-457B96F04BDE}.Ad-Hoc|x64.Deploy.0 = Release|Any CPU
		{D3B549F8-7832-4928-9B02-457B96F04BDE}.Ad-Hoc|x86.ActiveCfg = Release|x86
		{D3B549F8-7832-4928-9B02-457B96F04BDE}.Ad-Hoc|x86.Build.0 = Release|x86
		{D3B549F8-7832-4928-9B02-457B96F04BDE}.Ad-Hoc|x86.Deploy.0 = Release|x86
		{D3B549F8-7832-4928-9B02-457B96F04BDE}.AppStore|Any CPU.ActiveCfg = Release|Any CPU
		{D3B549F8-7832-4928-9B02-457B96F04BDE}.AppStore|Any CPU.Build.0 = Release|Any CPU
		{D3B549F8-7832-4928-9B02-457B96F04BDE}.AppStore|Any CPU.Deploy.0 = Release|Any CPU
		{D3B549F8-7832-4928-9B02-457B96F04BDE}.AppStore|ARM.ActiveCfg = Release|ARM
		{D3B549F8-7832-4928-9B02-457B96F04BDE}.AppStore|ARM.Build.0 = Release|ARM
		{D3B549F8-7832-4928-9B02-457B96F04BDE}.AppStore|ARM.Deploy.0 = Release|ARM
		{D3B549F8-7832-4928-9B02-457B96F04BDE}.AppStore|iPhone.ActiveCfg = Release|Any CPU
		{D3B549F8-7832-4928-9B02-457B96F04BDE}.AppStore|iPhone.Build.0 = Release|Any CPU
		{D3B549F8-7832-4928-9B02-457B96F04BDE}.AppStore|iPhone.Deploy.0 = Release|Any CPU
		{D3B549F8-7832-4928-9B02-457B96F04BDE}.AppStore|iPhoneSimulator.ActiveCfg = Release|Any CPU
		{D3B549F8-7832-4928-9B02-457B96F04BDE}.AppStore|iPhoneSimulator.Build.0 = Release|Any CPU
		{D3B549F8-7832-4928-9B02-457B96F04BDE}.AppStore|iPhoneSimulator.Deploy.0 = Release|Any CPU
		{D3B549F8-7832-4928-9B02-457B96F04BDE}.AppStore|x64.ActiveCfg = Release|Any CPU
		{D3B549F8-7832-4928-9B02-457B96F04BDE}.AppStore|x64.Build.0 = Release|Any CPU
		{D3B549F8-7832-4928-9B02-457B96F04BDE}.AppStore|x64.Deploy.0 = Release|Any CPU
		{D3B549F8-7832-4928-9B02-457B96F04BDE}.AppStore|x86.ActiveCfg = Release|x86
		{D3B549F8-7832-4928-9B02-457B96F04BDE}.AppStore|x86.Build.0 = Release|x86
		{D3B549F8-7832-4928-9B02-457B96F04BDE}.AppStore|x86.Deploy.0 = Release|x86
		{D3B549F8-7832-4928-9B02-457B96F04BDE}.Debug|Any CPU.ActiveCfg = Debug|Any CPU
		{D3B549F8-7832-4928-9B02-457B96F04BDE}.Debug|Any CPU.Build.0 = Debug|Any CPU
		{D3B549F8-7832-4928-9B02-457B96F04BDE}.Debug|Any CPU.Deploy.0 = Debug|Any CPU
		{D3B549F8-7832-4928-9B02-457B96F04BDE}.Debug|ARM.ActiveCfg = Debug|ARM
		{D3B549F8-7832-4928-9B02-457B96F04BDE}.Debug|ARM.Build.0 = Debug|ARM
		{D3B549F8-7832-4928-9B02-457B96F04BDE}.Debug|ARM.Deploy.0 = Debug|ARM
		{D3B549F8-7832-4928-9B02-457B96F04BDE}.Debug|iPhone.ActiveCfg = Debug|Any CPU
		{D3B549F8-7832-4928-9B02-457B96F04BDE}.Debug|iPhone.Build.0 = Debug|Any CPU
		{D3B549F8-7832-4928-9B02-457B96F04BDE}.Debug|iPhone.Deploy.0 = Debug|Any CPU
		{D3B549F8-7832-4928-9B02-457B96F04BDE}.Debug|iPhoneSimulator.ActiveCfg = Debug|Any CPU
		{D3B549F8-7832-4928-9B02-457B96F04BDE}.Debug|iPhoneSimulator.Build.0 = Debug|Any CPU
		{D3B549F8-7832-4928-9B02-457B96F04BDE}.Debug|iPhoneSimulator.Deploy.0 = Debug|Any CPU
		{D3B549F8-7832-4928-9B02-457B96F04BDE}.Debug|x64.ActiveCfg = Debug|Any CPU
		{D3B549F8-7832-4928-9B02-457B96F04BDE}.Debug|x64.Build.0 = Debug|Any CPU
		{D3B549F8-7832-4928-9B02-457B96F04BDE}.Debug|x64.Deploy.0 = Debug|Any CPU
		{D3B549F8-7832-4928-9B02-457B96F04BDE}.Debug|x86.ActiveCfg = Debug|x86
		{D3B549F8-7832-4928-9B02-457B96F04BDE}.Debug|x86.Build.0 = Debug|x86
		{D3B549F8-7832-4928-9B02-457B96F04BDE}.Debug|x86.Deploy.0 = Debug|x86
		{D3B549F8-7832-4928-9B02-457B96F04BDE}.Release|Any CPU.ActiveCfg = Release|Any CPU
		{D3B549F8-7832-4928-9B02-457B96F04BDE}.Release|Any CPU.Build.0 = Release|Any CPU
		{D3B549F8-7832-4928-9B02-457B96F04BDE}.Release|Any CPU.Deploy.0 = Release|Any CPU
		{D3B549F8-7832-4928-9B02-457B96F04BDE}.Release|ARM.ActiveCfg = Release|ARM
		{D3B549F8-7832-4928-9B02-457B96F04BDE}.Release|ARM.Build.0 = Release|ARM
		{D3B549F8-7832-4928-9B02-457B96F04BDE}.Release|ARM.Deploy.0 = Release|ARM
		{D3B549F8-7832-4928-9B02-457B96F04BDE}.Release|iPhone.ActiveCfg = Release|Any CPU
		{D3B549F8-7832-4928-9B02-457B96F04BDE}.Release|iPhone.Build.0 = Release|Any CPU
		{D3B549F8-7832-4928-9B02-457B96F04BDE}.Release|iPhone.Deploy.0 = Release|Any CPU
		{D3B549F8-7832-4928-9B02-457B96F04BDE}.Release|iPhoneSimulator.ActiveCfg = Release|Any CPU
		{D3B549F8-7832-4928-9B02-457B96F04BDE}.Release|iPhoneSimulator.Build.0 = Release|Any CPU
		{D3B549F8-7832-4928-9B02-457B96F04BDE}.Release|iPhoneSimulator.Deploy.0 = Release|Any CPU
		{D3B549F8-7832-4928-9B02-457B96F04BDE}.Release|x64.ActiveCfg = Release|Any CPU
		{D3B549F8-7832-4928-9B02-457B96F04BDE}.Release|x64.Build.0 = Release|Any CPU
		{D3B549F8-7832-4928-9B02-457B96F04BDE}.Release|x64.Deploy.0 = Release|Any CPU
		{D3B549F8-7832-4928-9B02-457B96F04BDE}.Release|x86.ActiveCfg = Release|x86
		{D3B549F8-7832-4928-9B02-457B96F04BDE}.Release|x86.Build.0 = Release|x86
		{D3B549F8-7832-4928-9B02-457B96F04BDE}.Release|x86.Deploy.0 = Release|x86
		{DF1E5993-5E68-46C0-A0AB-8763E99B4299}.Ad-Hoc|Any CPU.ActiveCfg = Release|Any CPU
		{DF1E5993-5E68-46C0-A0AB-8763E99B4299}.Ad-Hoc|Any CPU.Build.0 = Release|Any CPU
		{DF1E5993-5E68-46C0-A0AB-8763E99B4299}.Ad-Hoc|Any CPU.Deploy.0 = Release|Any CPU
		{DF1E5993-5E68-46C0-A0AB-8763E99B4299}.Ad-Hoc|ARM.ActiveCfg = Release|ARM
		{DF1E5993-5E68-46C0-A0AB-8763E99B4299}.Ad-Hoc|ARM.Build.0 = Release|ARM
		{DF1E5993-5E68-46C0-A0AB-8763E99B4299}.Ad-Hoc|ARM.Deploy.0 = Release|ARM
		{DF1E5993-5E68-46C0-A0AB-8763E99B4299}.Ad-Hoc|iPhone.ActiveCfg = Release|Any CPU
		{DF1E5993-5E68-46C0-A0AB-8763E99B4299}.Ad-Hoc|iPhone.Build.0 = Release|Any CPU
		{DF1E5993-5E68-46C0-A0AB-8763E99B4299}.Ad-Hoc|iPhone.Deploy.0 = Release|Any CPU
		{DF1E5993-5E68-46C0-A0AB-8763E99B4299}.Ad-Hoc|iPhoneSimulator.ActiveCfg = Release|Any CPU
		{DF1E5993-5E68-46C0-A0AB-8763E99B4299}.Ad-Hoc|iPhoneSimulator.Build.0 = Release|Any CPU
		{DF1E5993-5E68-46C0-A0AB-8763E99B4299}.Ad-Hoc|iPhoneSimulator.Deploy.0 = Release|Any CPU
		{DF1E5993-5E68-46C0-A0AB-8763E99B4299}.Ad-Hoc|x64.ActiveCfg = Release|x64
		{DF1E5993-5E68-46C0-A0AB-8763E99B4299}.Ad-Hoc|x64.Build.0 = Release|x64
		{DF1E5993-5E68-46C0-A0AB-8763E99B4299}.Ad-Hoc|x64.Deploy.0 = Release|x64
		{DF1E5993-5E68-46C0-A0AB-8763E99B4299}.Ad-Hoc|x86.ActiveCfg = Release|x86
		{DF1E5993-5E68-46C0-A0AB-8763E99B4299}.Ad-Hoc|x86.Build.0 = Release|x86
		{DF1E5993-5E68-46C0-A0AB-8763E99B4299}.Ad-Hoc|x86.Deploy.0 = Release|x86
		{DF1E5993-5E68-46C0-A0AB-8763E99B4299}.AppStore|Any CPU.ActiveCfg = Release|Any CPU
		{DF1E5993-5E68-46C0-A0AB-8763E99B4299}.AppStore|Any CPU.Build.0 = Release|Any CPU
		{DF1E5993-5E68-46C0-A0AB-8763E99B4299}.AppStore|Any CPU.Deploy.0 = Release|Any CPU
		{DF1E5993-5E68-46C0-A0AB-8763E99B4299}.AppStore|ARM.ActiveCfg = Release|ARM
		{DF1E5993-5E68-46C0-A0AB-8763E99B4299}.AppStore|ARM.Build.0 = Release|ARM
		{DF1E5993-5E68-46C0-A0AB-8763E99B4299}.AppStore|ARM.Deploy.0 = Release|ARM
		{DF1E5993-5E68-46C0-A0AB-8763E99B4299}.AppStore|iPhone.ActiveCfg = Release|Any CPU
		{DF1E5993-5E68-46C0-A0AB-8763E99B4299}.AppStore|iPhone.Build.0 = Release|Any CPU
		{DF1E5993-5E68-46C0-A0AB-8763E99B4299}.AppStore|iPhone.Deploy.0 = Release|Any CPU
		{DF1E5993-5E68-46C0-A0AB-8763E99B4299}.AppStore|iPhoneSimulator.ActiveCfg = Release|Any CPU
		{DF1E5993-5E68-46C0-A0AB-8763E99B4299}.AppStore|iPhoneSimulator.Build.0 = Release|Any CPU
		{DF1E5993-5E68-46C0-A0AB-8763E99B4299}.AppStore|iPhoneSimulator.Deploy.0 = Release|Any CPU
		{DF1E5993-5E68-46C0-A0AB-8763E99B4299}.AppStore|x64.ActiveCfg = Release|x64
		{DF1E5993-5E68-46C0-A0AB-8763E99B4299}.AppStore|x64.Build.0 = Release|x64
		{DF1E5993-5E68-46C0-A0AB-8763E99B4299}.AppStore|x64.Deploy.0 = Release|x64
		{DF1E5993-5E68-46C0-A0AB-8763E99B4299}.AppStore|x86.ActiveCfg = Release|x86
		{DF1E5993-5E68-46C0-A0AB-8763E99B4299}.AppStore|x86.Build.0 = Release|x86
		{DF1E5993-5E68-46C0-A0AB-8763E99B4299}.AppStore|x86.Deploy.0 = Release|x86
		{DF1E5993-5E68-46C0-A0AB-8763E99B4299}.Debug|Any CPU.ActiveCfg = Debug|Any CPU
		{DF1E5993-5E68-46C0-A0AB-8763E99B4299}.Debug|Any CPU.Build.0 = Debug|Any CPU
		{DF1E5993-5E68-46C0-A0AB-8763E99B4299}.Debug|Any CPU.Deploy.0 = Debug|Any CPU
		{DF1E5993-5E68-46C0-A0AB-8763E99B4299}.Debug|ARM.ActiveCfg = Debug|ARM
		{DF1E5993-5E68-46C0-A0AB-8763E99B4299}.Debug|ARM.Build.0 = Debug|ARM
		{DF1E5993-5E68-46C0-A0AB-8763E99B4299}.Debug|ARM.Deploy.0 = Debug|ARM
		{DF1E5993-5E68-46C0-A0AB-8763E99B4299}.Debug|iPhone.ActiveCfg = Debug|Any CPU
		{DF1E5993-5E68-46C0-A0AB-8763E99B4299}.Debug|iPhone.Build.0 = Debug|Any CPU
		{DF1E5993-5E68-46C0-A0AB-8763E99B4299}.Debug|iPhone.Deploy.0 = Debug|Any CPU
		{DF1E5993-5E68-46C0-A0AB-8763E99B4299}.Debug|iPhoneSimulator.ActiveCfg = Debug|Any CPU
		{DF1E5993-5E68-46C0-A0AB-8763E99B4299}.Debug|iPhoneSimulator.Build.0 = Debug|Any CPU
		{DF1E5993-5E68-46C0-A0AB-8763E99B4299}.Debug|iPhoneSimulator.Deploy.0 = Debug|Any CPU
		{DF1E5993-5E68-46C0-A0AB-8763E99B4299}.Debug|x64.ActiveCfg = Debug|x64
		{DF1E5993-5E68-46C0-A0AB-8763E99B4299}.Debug|x64.Build.0 = Debug|x64
		{DF1E5993-5E68-46C0-A0AB-8763E99B4299}.Debug|x64.Deploy.0 = Debug|x64
		{DF1E5993-5E68-46C0-A0AB-8763E99B4299}.Debug|x86.ActiveCfg = Debug|x86
		{DF1E5993-5E68-46C0-A0AB-8763E99B4299}.Debug|x86.Build.0 = Debug|x86
		{DF1E5993-5E68-46C0-A0AB-8763E99B4299}.Debug|x86.Deploy.0 = Debug|x86
		{DF1E5993-5E68-46C0-A0AB-8763E99B4299}.Release|Any CPU.ActiveCfg = Release|Any CPU
		{DF1E5993-5E68-46C0-A0AB-8763E99B4299}.Release|Any CPU.Build.0 = Release|Any CPU
		{DF1E5993-5E68-46C0-A0AB-8763E99B4299}.Release|Any CPU.Deploy.0 = Release|Any CPU
		{DF1E5993-5E68-46C0-A0AB-8763E99B4299}.Release|ARM.ActiveCfg = Release|ARM
		{DF1E5993-5E68-46C0-A0AB-8763E99B4299}.Release|ARM.Build.0 = Release|ARM
		{DF1E5993-5E68-46C0-A0AB-8763E99B4299}.Release|ARM.Deploy.0 = Release|ARM
		{DF1E5993-5E68-46C0-A0AB-8763E99B4299}.Release|iPhone.ActiveCfg = Release|Any CPU
		{DF1E5993-5E68-46C0-A0AB-8763E99B4299}.Release|iPhone.Build.0 = Release|Any CPU
		{DF1E5993-5E68-46C0-A0AB-8763E99B4299}.Release|iPhone.Deploy.0 = Release|Any CPU
		{DF1E5993-5E68-46C0-A0AB-8763E99B4299}.Release|iPhoneSimulator.ActiveCfg = Release|Any CPU
		{DF1E5993-5E68-46C0-A0AB-8763E99B4299}.Release|iPhoneSimulator.Build.0 = Release|Any CPU
		{DF1E5993-5E68-46C0-A0AB-8763E99B4299}.Release|iPhoneSimulator.Deploy.0 = Release|Any CPU
		{DF1E5993-5E68-46C0-A0AB-8763E99B4299}.Release|x64.ActiveCfg = Release|x64
		{DF1E5993-5E68-46C0-A0AB-8763E99B4299}.Release|x64.Build.0 = Release|x64
		{DF1E5993-5E68-46C0-A0AB-8763E99B4299}.Release|x64.Deploy.0 = Release|x64
		{DF1E5993-5E68-46C0-A0AB-8763E99B4299}.Release|x86.ActiveCfg = Release|x86
		{DF1E5993-5E68-46C0-A0AB-8763E99B4299}.Release|x86.Build.0 = Release|x86
		{DF1E5993-5E68-46C0-A0AB-8763E99B4299}.Release|x86.Deploy.0 = Release|x86
	EndGlobalSection
	GlobalSection(SolutionProperties) = preSolution
		HideSolutionNode = FALSE
	EndGlobalSection
EndGlobal
